
Microsoft Visual Studio Solution File, Format Version 12.00
# Visual Studio Version 16
VisualStudioVersion = 16.0.28803.452
MinimumVisualStudioVersion = 10.0.40219.1
Project("{FAE04EC0-301F-11D3-BF4B-00C04F79EFBC}") = "BoostrapTutorial", "BoostrapTutorial\BoostrapTutorial.csproj", "{A706446B-A92E-4943-99F3-23EFD399B658}"
EndProject
Global
	GlobalSection(SolutionConfigurationPlatforms) = preSolution
		Debug|Any CPU = Debug|Any CPU
		Release|Any CPU = Release|Any CPU
	EndGlobalSection
	GlobalSection(ProjectConfigurationPlatforms) = postSolution
		{A706446B-A92E-4943-99F3-23EFD399B658}.Debug|Any CPU.ActiveCfg = Debug|Any CPU
		{A706446B-A92E-4943-99F3-23EFD399B658}.Debug|Any CPU.Build.0 = Debug|Any CPU
		{A706446B-A92E-4943-99F3-23EFD399B658}.Release|Any CPU.ActiveCfg = Release|Any CPU
		{A706446B-A92E-4943-99F3-23EFD399B658}.Release|Any CPU.Build.0 = Release|Any CPU
	EndGlobalSection
	GlobalSection(SolutionProperties) = preSolution
		HideSolutionNode = FALSE
	EndGlobalSection
	GlobalSection(ExtensibilityGlobals) = postSolution
		SolutionGuid = {17F5D474-4F39-409E-85AF-AD687A2ECC25}
	EndGlobalSection
EndGlobal
